
Microsoft Visual Studio Solution File, Format Version 12.00
# Visual Studio Version 16
VisualStudioVersion = 16.0.30413.136
MinimumVisualStudioVersion = 10.0.40219.1
Project("{FAE04EC0-301F-11D3-BF4B-00C04F79EFBC}") = "Ristinolla", "Ristinolla.csproj", "{44643F93-610D-4DE9-B1A6-49D2CF8A84DB}"
EndProject
Global
	GlobalSection(SolutionConfigurationPlatforms) = preSolution
		Debug|Any CPU = Debug|Any CPU
		Release|Any CPU = Release|Any CPU
	EndGlobalSection
	GlobalSection(ProjectConfigurationPlatforms) = postSolution
		{44643F93-610D-4DE9-B1A6-49D2CF8A84DB}.Debug|Any CPU.ActiveCfg = Debug|Any CPU
		{44643F93-610D-4DE9-B1A6-49D2CF8A84DB}.Debug|Any CPU.Build.0 = Debug|Any CPU
		{44643F93-610D-4DE9-B1A6-49D2CF8A84DB}.Release|Any CPU.ActiveCfg = Release|Any CPU
		{44643F93-610D-4DE9-B1A6-49D2CF8A84DB}.Release|Any CPU.Build.0 = Release|Any CPU
	EndGlobalSection
	GlobalSection(SolutionProperties) = preSolution
		HideSolutionNode = FALSE
	EndGlobalSection
	GlobalSection(ExtensibilityGlobals) = postSolution
		SolutionGuid = {B7524D42-F2E1-4D41-B5E2-3724DFFDC9C3}
	EndGlobalSection
EndGlobal
